<?xml version="1.0" encoding="utf-8"?>
<Project ToolsVersion="4.0" xmlns="http://schemas.microsoft.com/developer/msbuild/2003">
  <ItemGroup>
    <Filter Include="Source Files">
      <UniqueIdentifier>{4FC737F1-C7A5-4376-A066-2A32D752A2FF}</UniqueIdentifier>
      <Extensions>cpp;c;cc;cxx;c++;cppm;ixx;def;odl;idl;hpj;bat;asm;asmx</Extensions>
    </Filter>
    <Filter Include="Header Files">
      <UniqueIdentifier>{93995380-89BD-4b04-88EB-625FBE52EBFB}</UniqueIdentifier>
      <Extensions>h;hh;hpp;hxx;h++;hm;inl;inc;ipp;xsd</Extensions>
    </Filter>
    <Filter Include="Resource Files">
      <UniqueIdentifier>{67DA6AB6-F800-4c08-8B7A-83BB121AAD01}</UniqueIdentifier>
      <Extensions>rc;ico;cur;bmp;dlg;rc2;rct;bin;rgs;gif;jpg;jpeg;jpe;resx;tiff;tif;png;wav;mfcribbon-ms</Extensions>
    </Filter>
  </ItemGroup>
  <ItemGroup>
    <ClCompile Include="src\StateSpeciationRate.c">
      <Filter>Source Files</Filter>
    </ClCompile>
    <ClCompile Include="src\StochasticCharacterMapping.c">
      <Filter>Source Files</Filter>
    </ClCompile>
    <ClCompile Include="src\Stones.c">
      <Filter>Source Files</Filter>
    </ClCompile>
    <ClCompile Include="src\Tag.c">
      <Filter>Source Files</Filter>
    </ClCompile>
    <ClCompile Include="src\Threaded.c">
      <Filter>Source Files</Filter>
    </ClCompile>
    <ClCompile Include="src\TimeSlices.c">
      <Filter>Source Files</Filter>
    </ClCompile>
    <ClCompile Include="src\TransformTree.c">
      <Filter>Source Files</Filter>
    </ClCompile>
    <ClCompile Include="src\TreePasser.c">
      <Filter>Source Files</Filter>
    </ClCompile>
    <ClCompile Include="src\Trees.c">
      <Filter>Source Files</Filter>
    </ClCompile>
    <ClCompile Include="src\VarRates.c">
      <Filter>Source Files</Filter>
    </ClCompile>
    <ClCompile Include="src\VarRatesMLLocalTransfom.c">
      <Filter>Source Files</Filter>
    </ClCompile>
    <ClCompile Include="src\AncStateV.c">
      <Filter>Source Files</Filter>
    </ClCompile>
    <ClCompile Include="src\AutoTune.c">
      <Filter>Source Files</Filter>
    </ClCompile>
    <ClCompile Include="src\BatchMode.c">
      <Filter>Source Files</Filter>
    </ClCompile>
    <ClCompile Include="src\BayesModelTest.c">
      <Filter>Source Files</Filter>
    </ClCompile>
    <ClCompile Include="src\BayesTraits.c">
      <Filter>Source Files</Filter>
    </ClCompile>
    <ClCompile Include="src\BigLh.c">
      <Filter>Source Files</Filter>
    </ClCompile>
    <ClCompile Include="src\btdebug.c">
      <Filter>Source Files</Filter>
    </ClCompile>
    <ClCompile Include="src\btlapack.c">
      <Filter>Source Files</Filter>
    </ClCompile>
    <ClCompile Include="src\btlapack_dmatrix.c">
      <Filter>Source Files</Filter>
    </ClCompile>
    <ClCompile Include="src\btlapack_interface.c">
      <Filter>Source Files</Filter>
    </ClCompile>
    <ClCompile Include="src\btlin_alg.c">
      <Filter>Source Files</Filter>
    </ClCompile>
    <ClCompile Include="src\btlin_basic.c">
      <Filter>Source Files</Filter>
    </ClCompile>
    <ClCompile Include="src\btlin_dmatrix.c">
      <Filter>Source Files</Filter>
    </ClCompile>
    <ClCompile Include="src\btocl_continuous.c">
      <Filter>Source Files</Filter>
    </ClCompile>
    <ClCompile Include="src\btocl_discrete.c">
      <Filter>Source Files</Filter>
    </ClCompile>
    <ClCompile Include="src\btocl_discrete_lh.c">
      <Filter>Source Files</Filter>
    </ClCompile>
    <ClCompile Include="src\btocl_dmatrix.c">
      <Filter>Source Files</Filter>
    </ClCompile>
    <ClCompile Include="src\btocl_kernels_bayestraits.c">
      <Filter>Source Files</Filter>
    </ClCompile>
    <ClCompile Include="src\btocl_lin.c">
      <Filter>Source Files</Filter>
    </ClCompile>
    <ClCompile Include="src\btocl_runtime.c">
      <Filter>Source Files</Filter>
    </ClCompile>
    <ClCompile Include="src\btocl_runtime_kernels.c">
      <Filter>Source Files</Filter>
    </ClCompile>
    <ClCompile Include="src\CBlasWrapper.c">
      <Filter>Source Files</Filter>
    </ClCompile>
    <ClCompile Include="src\CKappa.c">
      <Filter>Source Files</Filter>
    </ClCompile>
    <ClCompile Include="src\Continuous.c">
      <Filter>Source Files</Filter>
    </ClCompile>
    <ClCompile Include="src\ContrastRegCalcReg.c">
      <Filter>Source Files</Filter>
    </ClCompile>
    <ClCompile Include="src\ContrastRegOutput.c">
      <Filter>Source Files</Filter>
    </ClCompile>
    <ClCompile Include="src\Contrasts.c">
      <Filter>Source Files</Filter>
    </ClCompile>
    <ClCompile Include="src\ContrastsStd.c">
      <Filter>Source Files</Filter>
    </ClCompile>
    <ClCompile Include="src\Data.c">
      <Filter>Source Files</Filter>
    </ClCompile>
    <ClCompile Include="src\DistData.c">
      <Filter>Source Files</Filter>
    </ClCompile>
    <ClCompile Include="src\FatTail.c">
      <Filter>Source Files</Filter>
    </ClCompile>
    <ClCompile Include="src\Fossil.c">
      <Filter>Source Files</Filter>
    </ClCompile>
    <ClCompile Include="src\Gamma.c">
      <Filter>Source Files</Filter>
    </ClCompile>
    <ClCompile Include="src\GenLib.c">
      <Filter>Source Files</Filter>
    </ClCompile>
    <ClCompile Include="src\Geo.c">
      <Filter>Source Files</Filter>
    </ClCompile>
    <ClCompile Include="src\GlobalTrend.c">
      <Filter>Source Files</Filter>
    </ClCompile>
    <ClCompile Include="src\Initialise.c">
      <Filter>Source Files</Filter>
    </ClCompile>
    <ClCompile Include="src\Landscape.c">
      <Filter>Source Files</Filter>
    </ClCompile>
    <ClCompile Include="src\Likelihood.c">
      <Filter>Source Files</Filter>
    </ClCompile>
    <ClCompile Include="src\LinAlg.c">
      <Filter>Source Files</Filter>
    </ClCompile>
    <ClCompile Include="src\LocalTransform.c">
      <Filter>Source Files</Filter>
    </ClCompile>
    <ClCompile Include="src\LocalTransformMLAllNodes.c">
      <Filter>Source Files</Filter>
    </ClCompile>
    <ClCompile Include="src\Matrix.c">
      <Filter>Source Files</Filter>
    </ClCompile>
    <ClCompile Include="src\MCMC.c">
      <Filter>Source Files</Filter>
    </ClCompile>
    <ClCompile Include="src\MinFit.c">
      <Filter>Source Files</Filter>
    </ClCompile>
    <ClCompile Include="src\ML.c">
      <Filter>Source Files</Filter>
    </ClCompile>
    <ClCompile Include="src\ModelFile.c">
      <Filter>Source Files</Filter>
    </ClCompile>
    <ClCompile Include="src\NLOptBT.c">
      <Filter>Source Files</Filter>
    </ClCompile>
    <ClCompile Include="src\Options.c">
      <Filter>Source Files</Filter>
    </ClCompile>
    <ClCompile Include="src\Part.c">
      <Filter>Source Files</Filter>
    </ClCompile>
    <ClCompile Include="src\Pattern.c">
      <Filter>Source Files</Filter>
    </ClCompile>
    <ClCompile Include="src\PMatrix.c">
      <Filter>Source Files</Filter>
    </ClCompile>
    <ClCompile Include="src\PMatrixTest.c">
      <Filter>Source Files</Filter>
    </ClCompile>
    <ClCompile Include="src\Praxis.c">
      <Filter>Source Files</Filter>
    </ClCompile>
    <ClCompile Include="src\Priors.c">
      <Filter>Source Files</Filter>
    </ClCompile>
    <ClCompile Include="src\Prob.c">
      <Filter>Source Files</Filter>
    </ClCompile>
    <ClCompile Include="src\PTrees.c">
      <Filter>Source Files</Filter>
    </ClCompile>
    <ClCompile Include="src\QuadDouble.c">
      <Filter>Source Files</Filter>
    </ClCompile>
    <ClCompile Include="src\RandDists.c">
      <Filter>Source Files</Filter>
    </ClCompile>
    <ClCompile Include="src\RandLib.c">
      <Filter>Source Files</Filter>
    </ClCompile>
    <ClCompile Include="src\Rates.c">
      <Filter>Source Files</Filter>
    </ClCompile>
    <ClCompile Include="src\RevJump.c">
      <Filter>Source Files</Filter>
    </ClCompile>
    <ClCompile Include="src\RJDummy.c">
      <Filter>Source Files</Filter>
    </ClCompile>
    <ClCompile Include="src\RJLocalScalar.c">
      <Filter>Source Files</Filter>
    </ClCompile>
    <ClCompile Include="src\Schedule.c">
      <Filter>Source Files</Filter>
    </ClCompile>
    <ClCompile Include="src\SimData.c">
      <Filter>Source Files</Filter>
    </ClCompile>
    <ClCompile Include="src\SliceSampler.c">
      <Filter>Source Files</Filter>
    </ClCompile>
    <ClCompile Include="src\StableDist.c">
      <Filter>Source Files</Filter>
    </ClCompile>
  </ItemGroup>
  <ItemGroup>
    <ClInclude Include="src\LocalTransform.h">
      <Filter>Header Files</Filter>
    </ClInclude>
    <ClInclude Include="src\LocalTransformMLAllNodes.h">
      <Filter>Header Files</Filter>
    </ClInclude>
    <ClInclude Include="src\Matrix.h">
      <Filter>Header Files</Filter>
    </ClInclude>
    <ClInclude Include="src\MCMC.h">
      <Filter>Header Files</Filter>
    </ClInclude>
    <ClInclude Include="src\MinFit.h">
      <Filter>Header Files</Filter>
    </ClInclude>
    <ClInclude Include="src\ML.h">
      <Filter>Header Files</Filter>
    </ClInclude>
    <ClInclude Include="src\ModelFile.h">
      <Filter>Header Files</Filter>
    </ClInclude>
    <ClInclude Include="src\NLOptBT.h">
      <Filter>Header Files</Filter>
    </ClInclude>
    <ClInclude Include="src\Options.h">
      <Filter>Header Files</Filter>
    </ClInclude>
    <ClInclude Include="src\Part.h">
      <Filter>Header Files</Filter>
    </ClInclude>
    <ClInclude Include="src\Pattern.h">
      <Filter>Header Files</Filter>
    </ClInclude>
    <ClInclude Include="src\PMatrix.h">
      <Filter>Header Files</Filter>
    </ClInclude>
    <ClInclude Include="src\Praxis.h">
      <Filter>Header Files</Filter>
    </ClInclude>
    <ClInclude Include="src\Priors.h">
      <Filter>Header Files</Filter>
    </ClInclude>
    <ClInclude Include="src\Prob.h">
      <Filter>Header Files</Filter>
    </ClInclude>
    <ClInclude Include="src\PTrees.h">
      <Filter>Header Files</Filter>
    </ClInclude>
    <ClInclude Include="src\QuadDouble.h">
      <Filter>Header Files</Filter>
    </ClInclude>
    <ClInclude Include="src\RandDists.h">
      <Filter>Header Files</Filter>
    </ClInclude>
    <ClInclude Include="src\RandLib.h">
      <Filter>Header Files</Filter>
    </ClInclude>
    <ClInclude Include="src\Rates.h">
      <Filter>Header Files</Filter>
    </ClInclude>
    <ClInclude Include="src\RevJump.h">
      <Filter>Header Files</Filter>
    </ClInclude>
    <ClInclude Include="src\RJDummy.h">
      <Filter>Header Files</Filter>
    </ClInclude>
    <ClInclude Include="src\RJLocalScalar.h">
      <Filter>Header Files</Filter>
    </ClInclude>
    <ClInclude Include="src\Schedule.h">
      <Filter>Header Files</Filter>
    </ClInclude>
    <ClInclude Include="src\SimData.h">
      <Filter>Header Files</Filter>
    </ClInclude>
    <ClInclude Include="src\SliceSampler.h">
      <Filter>Header Files</Filter>
    </ClInclude>
    <ClInclude Include="src\StableDist.h">
      <Filter>Header Files</Filter>
    </ClInclude>
    <ClInclude Include="src\StateSpeciationRate.h">
      <Filter>Header Files</Filter>
    </ClInclude>
    <ClInclude Include="src\StochasticCharacterMapping.h">
      <Filter>Header Files</Filter>
    </ClInclude>
    <ClInclude Include="src\Stones.h">
      <Filter>Header Files</Filter>
    </ClInclude>
    <ClInclude Include="src\Tag.h">
      <Filter>Header Files</Filter>
    </ClInclude>
    <ClInclude Include="src\Threaded.h">
      <Filter>Header Files</Filter>
    </ClInclude>
    <ClInclude Include="src\TimeSlices.h">
      <Filter>Header Files</Filter>
    </ClInclude>
    <ClInclude Include="src\TransformTree.h">
      <Filter>Header Files</Filter>
    </ClInclude>
    <ClInclude Include="src\TreePasser.h">
      <Filter>Header Files</Filter>
    </ClInclude>
    <ClInclude Include="src\Trees.h">
      <Filter>Header Files</Filter>
    </ClInclude>
    <ClInclude Include="src\TypeDef.h">
      <Filter>Header Files</Filter>
    </ClInclude>
    <ClInclude Include="src\VarRates.h">
      <Filter>Header Files</Filter>
    </ClInclude>
    <ClInclude Include="src\VarRatesMLLocalTransfom.h">
      <Filter>Header Files</Filter>
    </ClInclude>
    <ClInclude Include="src\AncStateV.h">
      <Filter>Header Files</Filter>
    </ClInclude>
    <ClInclude Include="src\AutoTune.h">
      <Filter>Header Files</Filter>
    </ClInclude>
    <ClInclude Include="src\BatchMode.h">
      <Filter>Header Files</Filter>
    </ClInclude>
    <ClInclude Include="src\BigLh.h">
      <Filter>Header Files</Filter>
    </ClInclude>
    <ClInclude Include="src\btdebug.h">
      <Filter>Header Files</Filter>
    </ClInclude>
    <ClInclude Include="src\btlapack.h">
      <Filter>Header Files</Filter>
    </ClInclude>
    <ClInclude Include="src\btlapack_dmatrix.h">
      <Filter>Header Files</Filter>
    </ClInclude>
    <ClInclude Include="src\btlapack_interface.h">
      <Filter>Header Files</Filter>
    </ClInclude>
    <ClInclude Include="src\btlin_alg.h">
      <Filter>Header Files</Filter>
    </ClInclude>
    <ClInclude Include="src\btlin_basic.h">
      <Filter>Header Files</Filter>
    </ClInclude>
    <ClInclude Include="src\btlin_dmatrix.h">
      <Filter>Header Files</Filter>
    </ClInclude>
    <ClInclude Include="src\btocl_continuous.h">
      <Filter>Header Files</Filter>
    </ClInclude>
    <ClInclude Include="src\btocl_discrete.h">
      <Filter>Header Files</Filter>
    </ClInclude>
    <ClInclude Include="src\btocl_dmatrix.h">
      <Filter>Header Files</Filter>
    </ClInclude>
    <ClInclude Include="src\btocl_kernels_bayestraits.h">
      <Filter>Header Files</Filter>
    </ClInclude>
    <ClInclude Include="src\btocl_kernels_continuous.h">
      <Filter>Header Files</Filter>
    </ClInclude>
    <ClInclude Include="src\btocl_kernels_discrete.h">
      <Filter>Header Files</Filter>
    </ClInclude>
    <ClInclude Include="src\btocl_lin.h">
      <Filter>Header Files</Filter>
    </ClInclude>
    <ClInclude Include="src\btocl_runtime.h">
      <Filter>Header Files</Filter>
    </ClInclude>
    <ClInclude Include="src\btocl_runtime_kernels.h">
      <Filter>Header Files</Filter>
    </ClInclude>
    <ClInclude Include="src\CBlasWrapper.h">
      <Filter>Header Files</Filter>
    </ClInclude>
    <ClInclude Include="src\CKappa.h">
      <Filter>Header Files</Filter>
    </ClInclude>
    <ClInclude Include="src\Continuous.h">
      <Filter>Header Files</Filter>
    </ClInclude>
    <ClInclude Include="src\ContrastRegCalcReg.h">
      <Filter>Header Files</Filter>
    </ClInclude>
    <ClInclude Include="src\ContrastRegOutput.h">
      <Filter>Header Files</Filter>
    </ClInclude>
    <ClInclude Include="src\Contrasts.h">
      <Filter>Header Files</Filter>
    </ClInclude>
    <ClInclude Include="src\ContrastsStd.h">
      <Filter>Header Files</Filter>
    </ClInclude>
    <ClInclude Include="src\Data.h">
      <Filter>Header Files</Filter>
    </ClInclude>
    <ClInclude Include="src\DistData.h">
      <Filter>Header Files</Filter>
    </ClInclude>
    <ClInclude Include="src\FatTail.h">
      <Filter>Header Files</Filter>
    </ClInclude>
    <ClInclude Include="src\Fossil.h">
      <Filter>Header Files</Filter>
    </ClInclude>
    <ClInclude Include="src\Gamma.h">
      <Filter>Header Files</Filter>
    </ClInclude>
    <ClInclude Include="src\GenLib.h">
      <Filter>Header Files</Filter>
    </ClInclude>
    <ClInclude Include="src\Geo.h">
      <Filter>Header Files</Filter>
    </ClInclude>
    <ClInclude Include="src\GlobalTrend.h">
      <Filter>Header Files</Filter>
    </ClInclude>
    <ClInclude Include="src\Initialise.h">
      <Filter>Header Files</Filter>
    </ClInclude>
    <ClInclude Include="src\Landscape.h">
      <Filter>Header Files</Filter>
    </ClInclude>
    <ClInclude Include="src\Likelihood.h">
      <Filter>Header Files</Filter>
    </ClInclude>
    <ClInclude Include="src\LinAlg.h">
      <Filter>Header Files</Filter>
    </ClInclude>
  </ItemGroup>
</Project>